
Microsoft Visual Studio Solution File, Format Version 12.00
# Visual Studio Version 17
VisualStudioVersion = 17.14.37614.0 d17.14
MinimumVisualStudioVersion = 10.0.40219.1
Project("{FAE04EC0-301F-11D3-BF4B-00C04F79EFBC}") = "AntiCheat", "AntiCheat\AntiCheat.csproj", "{95415144-E5C4-4CE7-9909-F0BC9A26B0FC}"
EndProject
Global
	GlobalSection(SolutionConfigurationPlatforms) = preSolution
		Debug|Any CPU = Debug|Any CPU
		Release|Any CPU = Release|Any CPU
	EndGlobalSection
	GlobalSection(ProjectConfigurationPlatforms) = postSolution
		{95415144-E5C4-4CE7-9909-F0BC9A26B0FC}.Debug|Any CPU.ActiveCfg = Debug|Any CPU
		{95415144-E5C4-4CE7-9909-F0BC9A26B0FC}.Debug|Any CPU.Build.0 = Debug|Any CPU
		{95415144-E5C4-4CE7-9909-F0BC9A26B0FC}.Release|Any CPU.ActiveCfg = Release|Any CPU
		{95415144-E5C4-4CE7-9909-F0BC9A26B0FC}.Release|Any CPU.Build.0 = Release|Any CPU
	EndGlobalSection
	GlobalSection(SolutionProperties) = preSolution
		HideSolutionNode = FALSE
	EndGlobalSection
	GlobalSection(ExtensibilityGlobals) = postSolution
		SolutionGuid = {95C3CCC3-A386-4B11-8636-232FDDD82A1C}
	EndGlobalSection
EndGlobal
